
Microsoft Visual Studio Solution File, Format Version 12.00
# Visual Studio Version 16
VisualStudioVersion = 16.0.31729.503
MinimumVisualStudioVersion = 10.0.40219.1
Project("{FAE04EC0-301F-11D3-BF4B-00C04F79EFBC}") = "GigMe", "GigMe\GigMe.csproj", "{97FBD4DD-3C2E-483F-AAD4-2C3B9F8777A0}"
EndProject
Global
	GlobalSection(SolutionConfigurationPlatforms) = preSolution
		Debug|Any CPU = Debug|Any CPU
		Release|Any CPU = Release|Any CPU
	EndGlobalSection
	GlobalSection(ProjectConfigurationPlatforms) = postSolution
		{97FBD4DD-3C2E-483F-AAD4-2C3B9F8777A0}.Debug|Any CPU.ActiveCfg = Debug|Any CPU
		{97FBD4DD-3C2E-483F-AAD4-2C3B9F8777A0}.Debug|Any CPU.Build.0 = Debug|Any CPU
		{97FBD4DD-3C2E-483F-AAD4-2C3B9F8777A0}.Release|Any CPU.ActiveCfg = Release|Any CPU
		{97FBD4DD-3C2E-483F-AAD4-2C3B9F8777A0}.Release|Any CPU.Build.0 = Release|Any CPU
	EndGlobalSection
	GlobalSection(SolutionProperties) = preSolution
		HideSolutionNode = FALSE
	EndGlobalSection
	GlobalSection(ExtensibilityGlobals) = postSolution
		SolutionGuid = {4FB8402E-6294-4A3B-B419-A67EF63969CE}
	EndGlobalSection
EndGlobal
